# This file is automatically @generated by Cargo.
# It is not intended for manual editing.
[[package]]
name = "roxmltree"
version = "0.11.0"
source = "registry+https://github.com/rust-lang/crates.io-index"
checksum = "d5001f134077069d87f77c8b9452b690df2445f7a43f1c7ca4a1af8dd505789d"
dependencies = [
 "xmlparser",
]

[[package]]
name = "xml-requirements"
version = "0.1.0"
dependencies = [
 "roxmltree",
]

[[package]]
name = "xmlparser"
version = "0.13.1"
source = "registry+https://github.com/rust-lang/crates.io-index"
checksum = "ccb4240203dadf40be2de9369e5c6dec1bf427528115b030baca3334c18362d7"
